
Microsoft Visual Studio Solution File, Format Version 12.00
# Visual Studio Version 17
VisualStudioVersion = 17.9.34607.119
MinimumVisualStudioVersion = 10.0.40219.1
Project("{FAE04EC0-301F-11D3-BF4B-00C04F79EFBC}") = "lab4", "lab4\lab4.csproj", "{DF67B1E8-3B63-409E-A237-916A67347AC3}"
EndProject
Global
	GlobalSection(SolutionConfigurationPlatforms) = preSolution
		Debug|Any CPU = Debug|Any CPU
		Release|Any CPU = Release|Any CPU
	EndGlobalSection
	GlobalSection(ProjectConfigurationPlatforms) = postSolution
		{DF67B1E8-3B63-409E-A237-916A67347AC3}.Debug|Any CPU.ActiveCfg = Debug|Any CPU
		{DF67B1E8-3B63-409E-A237-916A67347AC3}.Debug|Any CPU.Build.0 = Debug|Any CPU
		{DF67B1E8-3B63-409E-A237-916A67347AC3}.Release|Any CPU.ActiveCfg = Release|Any CPU
		{DF67B1E8-3B63-409E-A237-916A67347AC3}.Release|Any CPU.Build.0 = Release|Any CPU
	EndGlobalSection
	GlobalSection(SolutionProperties) = preSolution
		HideSolutionNode = FALSE
	EndGlobalSection
	GlobalSection(ExtensibilityGlobals) = postSolution
		SolutionGuid = {71C74DF9-9BB2-42E2-97A5-82843F047540}
	EndGlobalSection
EndGlobal
